// !$*UTF8*$!
{
	archiveVersion = 1;
	classes = {
	};
	objectVersion = 50;
	objects = {

/* Begin PBXBuildFile section */
		A549CC23226A0EE100D56282 /* AppDelegate.swift in Sources */ = {isa = PBXBuildFile; fileRef = A549CC22226A0EE100D56282 /* AppDelegate.swift */; };
		A549CC25226A0EE100D56282 /* MainViewController.swift in Sources */ = {isa = PBXBuildFile; fileRef = A549CC24226A0EE100D56282 /* MainViewController.swift */; };
		A549CC28226A0EE100D56282 /* Main.storyboard in Resources */ = {isa = PBXBuildFile; fileRef = A549CC26226A0EE100D56282 /* Main.storyboard */; };
		A549CC2B226A0EE100D56282 /* CakeList.xcdatamodeld in Sources */ = {isa = PBXBuildFile; fileRef = A549CC29226A0EE100D56282 /* CakeList.xcdatamodeld */; };
		A549CC2D226A0EE300D56282 /* Assets.xcassets in Resources */ = {isa = PBXBuildFile; fileRef = A549CC2C226A0EE300D56282 /* Assets.xcassets */; };
		A549CC30226A0EE300D56282 /* LaunchScreen.storyboard in Resources */ = {isa = PBXBuildFile; fileRef = A549CC2E226A0EE300D56282 /* LaunchScreen.storyboard */; };
		A549CC3B226A0EE300D56282 /* CakeListTests.swift in Sources */ = {isa = PBXBuildFile; fileRef = A549CC3A226A0EE300D56282 /* CakeListTests.swift */; };
		A549CC46226A0EE300D56282 /* CakeListUITests.swift in Sources */ = {isa = PBXBuildFile; fileRef = A549CC45226A0EE300D56282 /* CakeListUITests.swift */; };
		A549CCD3226A173600D56282 /* CakeData.swift in Sources */ = {isa = PBXBuildFile; fileRef = A549CCD2226A173600D56282 /* CakeData.swift */; };
/* End PBXBuildFile section */

/* Begin PBXContainerItemProxy section */
		A549CC37226A0EE300D56282 /* PBXContainerItemProxy */ = {
			isa = PBXContainerItemProxy;
			containerPortal = A549CC17226A0EE000D56282 /* Project object */;
			proxyType = 1;
			remoteGlobalIDString = A549CC1E226A0EE100D56282;
			remoteInfo = CakeList;
		};
		A549CC42226A0EE300D56282 /* PBXContainerItemProxy */ = {
			isa = PBXContainerItemProxy;
			containerPortal = A549CC17226A0EE000D56282 /* Project object */;
			proxyType = 1;
			remoteGlobalIDString = A549CC1E226A0EE100D56282;
			remoteInfo = CakeList;
		};
/* End PBXContainerItemProxy section */

/* Begin PBXFileReference section */
		A549CC1F226A0EE100D56282 /* CakeList.app */ = {isa = PBXFileReference; explicitFileType = wrapper.application; includeInIndex = 0; path = CakeList.app; sourceTree = BUILT_PRODUCTS_DIR; };
		A549CC22226A0EE100D56282 /* AppDelegate.swift */ = {isa = PBXFileReference; lastKnownFileType = sourcecode.swift; path = AppDelegate.swift; sourceTree = "<group>"; };
		A549CC24226A0EE100D56282 /* MainViewController.swift */ = {isa = PBXFileReference; lastKnownFileType = sourcecode.swift; path = MainViewController.swift; sourceTree = "<group>"; };
		A549CC27226A0EE100D56282 /* Base */ = {isa = PBXFileReference; lastKnownFileType = file.storyboard; name = Base; path = Base.lproj/Main.storyboard; sourceTree = "<group>"; };
		A549CC2A226A0EE100D56282 /* CakeList.xcdatamodel */ = {isa = PBXFileReference; lastKnownFileType = wrapper.xcdatamodel; path = CakeList.xcdatamodel; sourceTree = "<group>"; };
		A549CC2C226A0EE300D56282 /* Assets.xcassets */ = {isa = PBXFileReference; lastKnownFileType = folder.assetcatalog; path = Assets.xcassets; sourceTree = "<group>"; };
		A549CC2F226A0EE300D56282 /* Base */ = {isa = PBXFileReference; lastKnownFileType = file.storyboard; name = Base; path = Base.lproj/LaunchScreen.storyboard; sourceTree = "<group>"; };
		A549CC31226A0EE300D56282 /* Info.plist */ = {isa = PBXFileReference; lastKnownFileType = text.plist.xml; path = Info.plist; sourceTree = "<group>"; };
		A549CC36226A0EE300D56282 /* CakeListTests.xctest */ = {isa = PBXFileReference; explicitFileType = wrapper.cfbundle; includeInIndex = 0; path = CakeListTests.xctest; sourceTree = BUILT_PRODUCTS_DIR; };
		A549CC3A226A0EE300D56282 /* CakeListTests.swift */ = {isa = PBXFileReference; lastKnownFileType = sourcecode.swift; path = CakeListTests.swift; sourceTree = "<group>"; };
		A549CC3C226A0EE300D56282 /* Info.plist */ = {isa = PBXFileReference; lastKnownFileType = text.plist.xml; path = Info.plist; sourceTree = "<group>"; };
		A549CC41226A0EE300D56282 /* CakeListUITests.xctest */ = {isa = PBXFileReference; explicitFileType = wrapper.cfbundle; includeInIndex = 0; path = CakeListUITests.xctest; sourceTree = BUILT_PRODUCTS_DIR; };
		A549CC45226A0EE300D56282 /* CakeListUITests.swift */ = {isa = PBXFileReference; lastKnownFileType = sourcecode.swift; path = CakeListUITests.swift; sourceTree = "<group>"; };
		A549CC47226A0EE300D56282 /* Info.plist */ = {isa = PBXFileReference; lastKnownFileType = text.plist.xml; path = Info.plist; sourceTree = "<group>"; };
		A549CCD1226A15B200D56282 /* en */ = {isa = PBXFileReference; lastKnownFileType = text.plist.strings; name = en; path = en.lproj/Main.strings; sourceTree = "<group>"; };
		A549CCD2226A173600D56282 /* CakeData.swift */ = {isa = PBXFileReference; lastKnownFileType = sourcecode.swift; path = CakeData.swift; sourceTree = "<group>"; };
/* End PBXFileReference section */

/* Begin PBXFrameworksBuildPhase section */
		A549CC1C226A0EE100D56282 /* Frameworks */ = {
			isa = PBXFrameworksBuildPhase;
			buildActionMask = 2147483647;
			files = (
			);
			runOnlyForDeploymentPostprocessing = 0;
		};
		A549CC33226A0EE300D56282 /* Frameworks */ = {
			isa = PBXFrameworksBuildPhase;
			buildActionMask = 2147483647;
			files = (
			);
			runOnlyForDeploymentPostprocessing = 0;
		};
		A549CC3E226A0EE300D56282 /* Frameworks */ = {
			isa = PBXFrameworksBuildPhase;
			buildActionMask = 2147483647;
			files = (
			);
			runOnlyForDeploymentPostprocessing = 0;
		};
/* End PBXFrameworksBuildPhase section */

/* Begin PBXGroup section */
		A549CC16226A0EE000D56282 = {
			isa = PBXGroup;
			children = (
				A549CC21226A0EE100D56282 /* CakeList */,
				A549CC39226A0EE300D56282 /* CakeListTests */,
				A549CC44226A0EE300D56282 /* CakeListUITests */,
				A549CC20226A0EE100D56282 /* Products */,
			);
			sourceTree = "<group>";
		};
		A549CC20226A0EE100D56282 /* Products */ = {
			isa = PBXGroup;
			children = (
				A549CC1F226A0EE100D56282 /* CakeList.app */,
				A549CC36226A0EE300D56282 /* CakeListTests.xctest */,
				A549CC41226A0EE300D56282 /* CakeListUITests.xctest */,
			);
			name = Products;
			sourceTree = "<group>";
		};
		A549CC21226A0EE100D56282 /* CakeList */ = {
			isa = PBXGroup;
			children = (
				A549CC22226A0EE100D56282 /* AppDelegate.swift */,
				A549CC24226A0EE100D56282 /* MainViewController.swift */,
				A549CCD2226A173600D56282 /* CakeData.swift */,
				A549CC26226A0EE100D56282 /* Main.storyboard */,
				A549CC2C226A0EE300D56282 /* Assets.xcassets */,
				A549CC2E226A0EE300D56282 /* LaunchScreen.storyboard */,
				A549CC31226A0EE300D56282 /* Info.plist */,
				A549CC29226A0EE100D56282 /* CakeList.xcdatamodeld */,
			);
			path = CakeList;
			sourceTree = "<group>";
		};
		A549CC39226A0EE300D56282 /* CakeListTests */ = {
			isa = PBXGroup;
			children = (
				A549CC3A226A0EE300D56282 /* CakeListTests.swift */,
				A549CC3C226A0EE300D56282 /* Info.plist */,
			);
			path = CakeListTests;
			sourceTree = "<group>";
		};
		A549CC44226A0EE300D56282 /* CakeListUITests */ = {
			isa = PBXGroup;
			children = (
				A549CC45226A0EE300D56282 /* CakeListUITests.swift */,
				A549CC47226A0EE300D56282 /* Info.plist */,
			);
			path = CakeListUITests;
			sourceTree = "<group>";
		};
/* End PBXGroup section */

/* Begin PBXNativeTarget section */
		A549CC1E226A0EE100D56282 /* CakeList */ = {
			isa = PBXNativeTarget;
			buildConfigurationList = A549CC4A226A0EE300D56282 /* Build configuration list for PBXNativeTarget "CakeList" */;
			buildPhases = (
				A549CC1B226A0EE100D56282 /* Sources */,
				A549CC1C226A0EE100D56282 /* Frameworks */,
				A549CC1D226A0EE100D56282 /* Resources */,
			);
			buildRules = (
			);
			dependencies = (
			);
			name = CakeList;
			productName = CakeList;
			productReference = A549CC1F226A0EE100D56282 /* CakeList.app */;
			productType = "com.apple.product-type.application";
		};
		A549CC35226A0EE300D56282 /* CakeListTests */ = {
			isa = PBXNativeTarget;
			buildConfigurationList = A549CC4D226A0EE300D56282 /* Build configuration list for PBXNativeTarget "CakeListTests" */;
			buildPhases = (
				A549CC32226A0EE300D56282 /* Sources */,
				A549CC33226A0EE300D56282 /* Frameworks */,
				A549CC34226A0EE300D56282 /* Resources */,
			);
			buildRules = (
			);
			dependencies = (
				A549CC38226A0EE300D56282 /* PBXTargetDependency */,
			);
			name = CakeListTests;
			productName = CakeListTests;
			productReference = A549CC36226A0EE300D56282 /* CakeListTests.xctest */;
			productType = "com.apple.product-type.bundle.unit-test";
		};
		A549CC40226A0EE300D56282 /* CakeListUITests */ = {
			isa = PBXNativeTarget;
			buildConfigurationList = A549CC50226A0EE300D56282 /* Build configuration list for PBXNativeTarget "CakeListUITests" */;
			buildPhases = (
				A549CC3D226A0EE300D56282 /* Sources */,
				A549CC3E226A0EE300D56282 /* Frameworks */,
				A549CC3F226A0EE300D56282 /* Resources */,
			);
			buildRules = (
			);
			dependencies = (
				A549CC43226A0EE300D56282 /* PBXTargetDependency */,
			);
			name = CakeListUITests;
			productName = CakeListUITests;
			productReference = A549CC41226A0EE300D56282 /* CakeListUITests.xctest */;
			productType = "com.apple.product-type.bundle.ui-testing";
		};
/* End PBXNativeTarget section */

/* Begin PBXProject section */
		A549CC17226A0EE000D56282 /* Project object */ = {
			isa = PBXProject;
			attributes = {
				LastSwiftUpdateCheck = 1010;
				LastUpgradeCheck = 1010;
				ORGANIZATIONNAME = dijipiji;
				TargetAttributes = {
					A549CC1E226A0EE100D56282 = {
						CreatedOnToolsVersion = 10.1;
					};
					A549CC35226A0EE300D56282 = {
						CreatedOnToolsVersion = 10.1;
						TestTargetID = A549CC1E226A0EE100D56282;
					};
					A549CC40226A0EE300D56282 = {
						CreatedOnToolsVersion = 10.1;
						TestTargetID = A549CC1E226A0EE100D56282;
					};
				};
			};
			buildConfigurationList = A549CC1A226A0EE000D56282 /* Build configuration list for PBXProject "CakeList" */;
			compatibilityVersion = "Xcode 9.3";
			developmentRegion = en;
			hasScannedForEncodings = 0;
			knownRegions = (
				en,
				Base,
			);
			mainGroup = A549CC16226A0EE000D56282;
			productRefGroup = A549CC20226A0EE100D56282 /* Products */;
			projectDirPath = "";
			projectRoot = "";
			targets = (
				A549CC1E226A0EE100D56282 /* CakeList */,
				A549CC35226A0EE300D56282 /* CakeListTests */,
				A549CC40226A0EE300D56282 /* CakeListUITests */,
			);
		};
/* End PBXProject section */

/* Begin PBXResourcesBuildPhase section */
		A549CC1D226A0EE100D56282 /* Resources */ = {
			isa = PBXResourcesBuildPhase;
			buildActionMask = 2147483647;
			files = (
				A549CC30226A0EE300D56282 /* LaunchScreen.storyboard in Resources */,
				A549CC2D226A0EE300D56282 /* Assets.xcassets in Resources */,
				A549CC28226A0EE100D56282 /* Main.storyboard in Resources */,
			);
			runOnlyForDeploymentPostprocessing = 0;
		};
		A549CC34226A0EE300D56282 /* Resources */ = {
			isa = PBXResourcesBuildPhase;
			buildActionMask = 2147483647;
			files = (
			);
			runOnlyForDeploymentPostprocessing = 0;
		};
		A549CC3F226A0EE300D56282 /* Resources */ = {
			isa = PBXResourcesBuildPhase;
			buildActionMask = 2147483647;
			files = (
			);
			runOnlyForDeploymentPostprocessing = 0;
		};
/* End PBXResourcesBuildPhase section */

/* Begin PBXSourcesBuildPhase section */
		A549CC1B226A0EE100D56282 /* Sources */ = {
			isa = PBXSourcesBuildPhase;
			buildActionMask = 2147483647;
			files = (
				A549CC25226A0EE100D56282 /* MainViewController.swift in Sources */,
				A549CC23226A0EE100D56282 /* AppDelegate.swift in Sources */,
				A549CC2B226A0EE100D56282 /* CakeList.xcdatamodeld in Sources */,
				A549CCD3226A173600D56282 /* CakeData.swift in Sources */,
			);
			runOnlyForDeploymentPostprocessing = 0;
		};
		A549CC32226A0EE300D56282 /* Sources */ = {
			isa = PBXSourcesBuildPhase;
			buildActionMask = 2147483647;
			files = (
				A549CC3B226A0EE300D56282 /* CakeListTests.swift in Sources */,
			);
			runOnlyForDeploymentPostprocessing = 0;
		};
		A549CC3D226A0EE300D56282 /* Sources */ = {
			isa = PBXSourcesBuildPhase;
			buildActionMask = 2147483647;
			files = (
				A549CC46226A0EE300D56282 /* CakeListUITests.swift in Sources */,
			);
			runOnlyForDeploymentPostprocessing = 0;
		};
/* End PBXSourcesBuildPhase section */

/* Begin PBXTargetDependency section */
		A549CC38226A0EE300D56282 /* PBXTargetDependency */ = {
			isa = PBXTargetDependency;
			target = A549CC1E226A0EE100D56282 /* CakeList */;
			targetProxy = A549CC37226A0EE300D56282 /* PBXContainerItemProxy */;
		};
		A549CC43226A0EE300D56282 /* PBXTargetDependency */ = {
			isa = PBXTargetDependency;
			target = A549CC1E226A0EE100D56282 /* CakeList */;
			targetProxy = A549CC42226A0EE300D56282 /* PBXContainerItemProxy */;
		};
/* End PBXTargetDependency section */

/* Begin PBXVariantGroup section */
		A549CC26226A0EE100D56282 /* Main.storyboard */ = {
			isa = PBXVariantGroup;
			children = (
				A549CC27226A0EE100D56282 /* Base */,
				A549CCD1226A15B200D56282 /* en */,
			);
			name = Main.storyboard;
			sourceTree = "<group>";
		};
		A549CC2E226A0EE300D56282 /* LaunchScreen.storyboard */ = {
			isa = PBXVariantGroup;
			children = (
				A549CC2F226A0EE300D56282 /* Base */,
			);
			name = LaunchScreen.storyboard;
			sourceTree = "<group>";
		};
/* End PBXVariantGroup section */

/* Begin XCBuildConfiguration section */
		A549CC48226A0EE300D56282 /* Debug */ = {
			isa = XCBuildConfiguration;
			buildSettings = {
				ALWAYS_SEARCH_USER_PATHS = NO;
				CLANG_ANALYZER_NONNULL = YES;
				CLANG_ANALYZER_NUMBER_OBJECT_CONVERSION = YES_AGGRESSIVE;
				CLANG_CXX_LANGUAGE_STANDARD = "gnu++14";
				CLANG_CXX_LIBRARY = "libc++";
				CLANG_ENABLE_MODULES = YES;
				CLANG_ENABLE_OBJC_ARC = YES;
				CLANG_ENABLE_OBJC_WEAK = YES;
				CLANG_WARN_BLOCK_CAPTURE_AUTORELEASING = YES;
				CLANG_WARN_BOOL_CONVERSION = YES;
				CLANG_WARN_COMMA = YES;
				CLANG_WARN_CONSTANT_CONVERSION = YES;
				CLANG_WARN_DEPRECATED_OBJC_IMPLEMENTATIONS = YES;
				CLANG_WARN_DIRECT_OBJC_ISA_USAGE = YES_ERROR;
				CLANG_WARN_DOCUMENTATION_COMMENTS = YES;
				CLANG_WARN_EMPTY_BODY = YES;
				CLANG_WARN_ENUM_CONVERSION = YES;
				CLANG_WARN_INFINITE_RECURSION = YES;
				CLANG_WARN_INT_CONVERSION = YES;
				CLANG_WARN_NON_LITERAL_NULL_CONVERSION = YES;
				CLANG_WARN_OBJC_IMPLICIT_RETAIN_SELF = YES;
				CLANG_WARN_OBJC_LITERAL_CONVERSION = YES;
				CLANG_WARN_OBJC_ROOT_CLASS = YES_ERROR;
				CLANG_WARN_RANGE_LOOP_ANALYSIS = YES;
				CLANG_WARN_STRICT_PROTOTYPES = YES;
				CLANG_WARN_SUSPICIOUS_MOVE = YES;
				CLANG_WARN_UNGUARDED_AVAILABILITY = YES_AGGRESSIVE;
				CLANG_WARN_UNREACHABLE_CODE = YES;
				CLANG_WARN__DUPLICATE_METHOD_MATCH = YES;
				CODE_SIGN_IDENTITY = "iPhone Developer";
				COPY_PHASE_STRIP = NO;
				DEBUG_INFORMATION_FORMAT = dwarf;
				ENABLE_STRICT_OBJC_MSGSEND = YES;
				ENABLE_TESTABILITY = YES;
				GCC_C_LANGUAGE_STANDARD = gnu11;
				GCC_DYNAMIC_NO_PIC = NO;
				GCC_NO_COMMON_BLOCKS = YES;
				GCC_OPTIMIZATION_LEVEL = 0;
				GCC_PREPROCESSOR_DEFINITIONS = (
					"DEBUG=1",
					"$(inherited)",
				);
				GCC_WARN_64_TO_32_BIT_CONVERSION = YES;
				GCC_WARN_ABOUT_RETURN_TYPE = YES_ERROR;
				GCC_WARN_UNDECLARED_SELECTOR = YES;
				GCC_WARN_UNINITIALIZED_AUTOS = YES_AGGRESSIVE;
				GCC_WARN_UNUSED_FUNCTION = YES;
				GCC_WARN_UNUSED_VARIABLE = YES;
				IPHONEOS_DEPLOYMENT_TARGET = 12.1;
				MTL_ENABLE_DEBUG_INFO = INCLUDE_SOURCE;
				MTL_FAST_MATH = YES;
				ONLY_ACTIVE_ARCH = YES;
				SDKROOT = iphoneos;
				SWIFT_ACTIVE_COMPILATION_CONDITIONS = DEBUG;
				SWIFT_OPTIMIZATION_LEVEL = "-Onone";
			};
			name = Debug;
		};
		A549CC49226A0EE300D56282 /* Release */ = {
			isa = XCBuildConfiguration;
			buildSettings = {
				ALWAYS_SEARCH_USER_PATHS = NO;
				CLANG_ANALYZER_NONNULL = YES;
				CLANG_ANALYZER_NUMBER_OBJECT_CONVERSION = YES_AGGRESSIVE;
				CLANG_CXX_LANGUAGE_STANDARD = "gnu++14";
				CLANG_CXX_LIBRARY = "libc++";
				CLANG_ENABLE_MODULES = YES;
				CLANG_ENABLE_OBJC_ARC = YES;
				CLANG_ENABLE_OBJC_WEAK = YES;
				CLANG_WARN_BLOCK_CAPTURE_AUTORELEASING = YES;
				CLANG_WARN_BOOL_CONVERSION = YES;
				CLANG_WARN_COMMA = YES;
				CLANG_WARN_CONSTANT_CONVERSION = YES;
				CLANG_WARN_DEPRECATED_OBJC_IMPLEMENTATIONS = YES;
				CLANG_WARN_DIRECT_OBJC_ISA_USAGE = YES_ERROR;
				CLANG_WARN_DOCUMENTATION_COMMENTS = YES;
				CLANG_WARN_EMPTY_BODY = YES;
				CLANG_WARN_ENUM_CONVERSION = YES;
				CLANG_WARN_INFINITE_RECURSION = YES;
				CLANG_WARN_INT_CONVERSION = YES;
				CLANG_WARN_NON_LITERAL_NULL_CONVERSION = YES;
				CLANG_WARN_OBJC_IMPLICIT_RETAIN_SELF = YES;
				CLANG_WARN_OBJC_LITERAL_CONVERSION = YES;
				CLANG_WARN_OBJC_ROOT_CLASS = YES_ERROR;
				CLANG_WARN_RANGE_LOOP_ANALYSIS = YES;
				CLANG_WARN_STRICT_PROTOTYPES = YES;
				CLANG_WARN_SUSPICIOUS_MOVE = YES;
				CLANG_WARN_UNGUARDED_AVAILABILITY = YES_AGGRESSIVE;
				CLANG_WARN_UNREACHABLE_CODE = YES;
				CLANG_WARN__DUPLICATE_METHOD_MATCH = YES;
				CODE_SIGN_IDENTITY = "iPhone Developer";
				COPY_PHASE_STRIP = NO;
				DEBUG_INFORMATION_FORMAT = "dwarf-with-dsym";
				ENABLE_NS_ASSERTIONS = NO;
				ENABLE_STRICT_OBJC_MSGSEND = YES;
				GCC_C_LANGUAGE_STANDARD = gnu11;
				GCC_NO_COMMON_BLOCKS = YES;
				GCC_WARN_64_TO_32_BIT_CONVERSION = YES;
				GCC_WARN_ABOUT_RETURN_TYPE = YES_ERROR;
				GCC_WARN_UNDECLARED_SELECTOR = YES;
				GCC_WARN_UNINITIALIZED_AUTOS = YES_AGGRESSIVE;
				GCC_WARN_UNUSED_FUNCTION = YES;
				GCC_WARN_UNUSED_VARIABLE = YES;
				IPHONEOS_DEPLOYMENT_TARGET = 12.1;
				MTL_ENABLE_DEBUG_INFO = NO;
				MTL_FAST_MATH = YES;
				SDKROOT = iphoneos;
				SWIFT_COMPILATION_MODE = wholemodule;
				SWIFT_OPTIMIZATION_LEVEL = "-O";
				VALIDATE_PRODUCT = YES;
			};
			name = Release;
		};
		A549CC4B226A0EE300D56282 /* Debug */ = {
			isa = XCBuildConfiguration;
			buildSettings = {
				ASSETCATALOG_COMPILER_APPICON_NAME = AppIcon;
				CODE_SIGN_STYLE = Automatic;
				DEVELOPMENT_TEAM = 2YVMKSPV72;
				INFOPLIST_FILE = CakeList/Info.plist;
				LD_RUNPATH_SEARCH_PATHS = (
					"$(inherited)",
					"@executable_path/Frameworks",
				);
				PRODUCT_BUNDLE_IDENTIFIER = com.dijipiji.CakeList;
				PRODUCT_NAME = "$(TARGET_NAME)";
				SWIFT_VERSION = 4.2;
				TARGETED_DEVICE_FAMILY = "1,2";
			};
			name = Debug;
		};
		A549CC4C226A0EE300D56282 /* Release */ = {
			isa = XCBuildConfiguration;
			buildSettings = {
				ASSETCATALOG_COMPILER_APPICON_NAME = AppIcon;
				CODE_SIGN_STYLE = Automatic;
				DEVELOPMENT_TEAM = 2YVMKSPV72;
				INFOPLIST_FILE = CakeList/Info.plist;
				LD_RUNPATH_SEARCH_PATHS = (
					"$(inherited)",
					"@executable_path/Frameworks",
				);
				PRODUCT_BUNDLE_IDENTIFIER = com.dijipiji.CakeList;
				PRODUCT_NAME = "$(TARGET_NAME)";
				SWIFT_VERSION = 4.2;
				TARGETED_DEVICE_FAMILY = "1,2";
			};
			name = Release;
		};
		A549CC4E226A0EE300D56282 /* Debug */ = {
			isa = XCBuildConfiguration;
			buildSettings = {
				ALWAYS_EMBED_SWIFT_STANDARD_LIBRARIES = YES;
				BUNDLE_LOADER = "$(TEST_HOST)";
				CODE_SIGN_STYLE = Automatic;
				DEVELOPMENT_TEAM = 2YVMKSPV72;
				INFOPLIST_FILE = CakeListTests/Info.plist;
				LD_RUNPATH_SEARCH_PATHS = (
					"$(inherited)",
					"@executable_path/Frameworks",
					"@loader_path/Frameworks",
				);
				PRODUCT_BUNDLE_IDENTIFIER = com.dijipiji.CakeListTests;
				PRODUCT_NAME = "$(TARGET_NAME)";
				SWIFT_VERSION = 4.2;
				TARGETED_DEVICE_FAMILY = "1,2";
				TEST_HOST = "$(BUILT_PRODUCTS_DIR)/CakeList.app/CakeList";
			};
			name = Debug;
		};
		A549CC4F226A0EE300D56282 /* Release */ = {
			isa = XCBuildConfiguration;
			buildSettings = {
				ALWAYS_EMBED_SWIFT_STANDARD_LIBRARIES = YES;
				BUNDLE_LOADER = "$(TEST_HOST)";
				CODE_SIGN_STYLE = Automatic;
				DEVELOPMENT_TEAM = 2YVMKSPV72;
				INFOPLIST_FILE = CakeListTests/Info.plist;
				LD_RUNPATH_SEARCH_PATHS = (
					"$(inherited)",
					"@executable_path/Frameworks",
					"@loader_path/Frameworks",
				);
				PRODUCT_BUNDLE_IDENTIFIER = com.dijipiji.CakeListTests;
				PRODUCT_NAME = "$(TARGET_NAME)";
				SWIFT_VERSION = 4.2;
				TARGETED_DEVICE_FAMILY = "1,2";
				TEST_HOST = "$(BUILT_PRODUCTS_DIR)/CakeList.app/CakeList";
			};
			name = Release;
		};
		A549CC51226A0EE300D56282 /* Debug */ = {
			isa = XCBuildConfiguration;
			buildSettings = {
				ALWAYS_EMBED_SWIFT_STANDARD_LIBRARIES = YES;
				CODE_SIGN_STYLE = Automatic;
				DEVELOPMENT_TEAM = 2YVMKSPV72;
				INFOPLIST_FILE = CakeListUITests/Info.plist;
				LD_RUNPATH_SEARCH_PATHS = (
					"$(inherited)",
					"@executable_path/Frameworks",
					"@loader_path/Frameworks",
				);
				PRODUCT_BUNDLE_IDENTIFIER = com.dijipiji.CakeListUITests;
				PRODUCT_NAME = "$(TARGET_NAME)";
				SWIFT_VERSION = 4.2;
				TARGETED_DEVICE_FAMILY = "1,2";
				TEST_TARGET_NAME = CakeList;
			};
			name = Debug;
		};
		A549CC52226A0EE300D56282 /* Release */ = {
			isa = XCBuildConfiguration;
			buildSettings = {
				ALWAYS_EMBED_SWIFT_STANDARD_LIBRARIES = YES;
				CODE_SIGN_STYLE = Automatic;
				DEVELOPMENT_TEAM = 2YVMKSPV72;
				INFOPLIST_FILE = CakeListUITests/Info.plist;
				LD_RUNPATH_SEARCH_PATHS = (
					"$(inherited)",
					"@executable_path/Frameworks",
					"@loader_path/Frameworks",
				);
				PRODUCT_BUNDLE_IDENTIFIER = com.dijipiji.CakeListUITests;
				PRODUCT_NAME = "$(TARGET_NAME)";
				SWIFT_VERSION = 4.2;
				TARGETED_DEVICE_FAMILY = "1,2";
				TEST_TARGET_NAME = CakeList;
			};
			name = Release;
		};
/* End XCBuildConfiguration section */

/* Begin XCConfigurationList section */
		A549CC1A226A0EE000D56282 /* Build configuration list for PBXProject "CakeList" */ = {
			isa = XCConfigurationList;
			buildConfigurations = (
				A549CC48226A0EE300D56282 /* Debug */,
				A549CC49226A0EE300D56282 /* Release */,
			);
			defaultConfigurationIsVisible = 0;
			defaultConfigurationName = Release;
		};
		A549CC4A226A0EE300D56282 /* Build configuration list for PBXNativeTarget "CakeList" */ = {
			isa = XCConfigurationList;
			buildConfigurations = (
				A549CC4B226A0EE300D56282 /* Debug */,
				A549CC4C226A0EE300D56282 /* Release */,
			);
			defaultConfigurationIsVisible = 0;
			defaultConfigurationName = Release;
		};
		A549CC4D226A0EE300D56282 /* Build configuration list for PBXNativeTarget "CakeListTests" */ = {
			isa = XCConfigurationList;
			buildConfigurations = (
				A549CC4E226A0EE300D56282 /* Debug */,
				A549CC4F226A0EE300D56282 /* Release */,
			);
			defaultConfigurationIsVisible = 0;
			defaultConfigurationName = Release;
		};
		A549CC50226A0EE300D56282 /* Build configuration list for PBXNativeTarget "CakeListUITests" */ = {
			isa = XCConfigurationList;
			buildConfigurations = (
				A549CC51226A0EE300D56282 /* Debug */,
				A549CC52226A0EE300D56282 /* Release */,
			);
			defaultConfigurationIsVisible = 0;
			defaultConfigurationName = Release;
		};
/* End XCConfigurationList section */

/* Begin XCVersionGroup section */
		A549CC29226A0EE100D56282 /* CakeList.xcdatamodeld */ = {
			isa = XCVersionGroup;
			children = (
				A549CC2A226A0EE100D56282 /* CakeList.xcdatamodel */,
			);
			currentVersion = A549CC2A226A0EE100D56282 /* CakeList.xcdatamodel */;
			path = CakeList.xcdatamodeld;
			sourceTree = "<group>";
			versionGroupType = wrapper.xcdatamodel;
		};
/* End XCVersionGroup section */
	};
	rootObject = A549CC17226A0EE000D56282 /* Project object */;
}
